
Microsoft Visual Studio Solution File, Format Version 12.00
# Visual Studio Version 16
VisualStudioVersion = 16.0.31402.337
MinimumVisualStudioVersion = 10.0.40219.1
Project("{FAE04EC0-301F-11D3-BF4B-00C04F79EFBC}") = "NoteAppV2", "NoteAppV2\NoteAppV2.csproj", "{AA5ECC69-C727-4901-8B93-35121161D07A}"
EndProject
Project("{FAE04EC0-301F-11D3-BF4B-00C04F79EFBC}") = "NoteAppV2.Android", "NoteAppV2.Android\NoteAppV2.Android.csproj", "{8288ECDE-7A5E-46FC-BC1D-CDDC33B7004F}"
EndProject
Project("{FAE04EC0-301F-11D3-BF4B-00C04F79EFBC}") = "NoteAppV2.iOS", "NoteAppV2.iOS\NoteAppV2.iOS.csproj", "{FFDAA7BA-91AD-4EA6-BB2C-D6079F8F127A}"
EndProject
Global
	GlobalSection(SolutionConfigurationPlatforms) = preSolution
		Ad-Hoc|Any CPU = Ad-Hoc|Any CPU
		Ad-Hoc|iPhone = Ad-Hoc|iPhone
		Ad-Hoc|iPhoneSimulator = Ad-Hoc|iPhoneSimulator
		AppStore|Any CPU = AppStore|Any CPU
		AppStore|iPhone = AppStore|iPhone
		AppStore|iPhoneSimulator = AppStore|iPhoneSimulator
		Debug|Any CPU = Debug|Any CPU
		Debug|iPhone = Debug|iPhone
		Debug|iPhoneSimulator = Debug|iPhoneSimulator
		Release|Any CPU = Release|Any CPU
		Release|iPhone = Release|iPhone
		Release|iPhoneSimulator = Release|iPhoneSimulator
	EndGlobalSection
	GlobalSection(ProjectConfigurationPlatforms) = postSolution
		{AA5ECC69-C727-4901-8B93-35121161D07A}.Ad-Hoc|Any CPU.ActiveCfg = Debug|Any CPU
		{AA5ECC69-C727-4901-8B93-35121161D07A}.Ad-Hoc|Any CPU.Build.0 = Debug|Any CPU
		{AA5ECC69-C727-4901-8B93-35121161D07A}.Ad-Hoc|iPhone.ActiveCfg = Debug|Any CPU
		{AA5ECC69-C727-4901-8B93-35121161D07A}.Ad-Hoc|iPhone.Build.0 = Debug|Any CPU
		{AA5ECC69-C727-4901-8B93-35121161D07A}.Ad-Hoc|iPhoneSimulator.ActiveCfg = Debug|Any CPU
		{AA5ECC69-C727-4901-8B93-35121161D07A}.Ad-Hoc|iPhoneSimulator.Build.0 = Debug|Any CPU
		{AA5ECC69-C727-4901-8B93-35121161D07A}.AppStore|Any CPU.ActiveCfg = Debug|Any CPU
		{AA5ECC69-C727-4901-8B93-35121161D07A}.AppStore|Any CPU.Build.0 = Debug|Any CPU
		{AA5ECC69-C727-4901-8B93-35121161D07A}.AppStore|iPhone.ActiveCfg = Debug|Any CPU
		{AA5ECC69-C727-4901-8B93-35121161D07A}.AppStore|iPhone.Build.0 = Debug|Any CPU
		{AA5ECC69-C727-4901-8B93-35121161D07A}.AppStore|iPhoneSimulator.ActiveCfg = Debug|Any CPU
		{AA5ECC69-C727-4901-8B93-35121161D07A}.AppStore|iPhoneSimulator.Build.0 = Debug|Any CPU
		{AA5ECC69-C727-4901-8B93-35121161D07A}.Debug|Any CPU.ActiveCfg = Debug|Any CPU
		{AA5ECC69-C727-4901-8B93-35121161D07A}.Debug|Any CPU.Build.0 = Debug|Any CPU
		{AA5ECC69-C727-4901-8B93-35121161D07A}.Debug|iPhone.ActiveCfg = Debug|Any CPU
		{AA5ECC69-C727-4901-8B93-35121161D07A}.Debug|iPhone.Build.0 = Debug|Any CPU
		{AA5ECC69-C727-4901-8B93-35121161D07A}.Debug|iPhoneSimulator.ActiveCfg = Debug|Any CPU
		{AA5ECC69-C727-4901-8B93-35121161D07A}.Debug|iPhoneSimulator.Build.0 = Debug|Any CPU
		{AA5ECC69-C727-4901-8B93-35121161D07A}.Release|Any CPU.ActiveCfg = Release|Any CPU
		{AA5ECC69-C727-4901-8B93-35121161D07A}.Release|Any CPU.Build.0 = Release|Any CPU
		{AA5ECC69-C727-4901-8B93-35121161D07A}.Release|iPhone.ActiveCfg = Release|Any CPU
		{AA5ECC69-C727-4901-8B93-35121161D07A}.Release|iPhone.Build.0 = Release|Any CPU
		{AA5ECC69-C727-4901-8B93-35121161D07A}.Release|iPhoneSimulator.ActiveCfg = Release|Any CPU
		{AA5ECC69-C727-4901-8B93-35121161D07A}.Release|iPhoneSimulator.Build.0 = Release|Any CPU
		{8288ECDE-7A5E-46FC-BC1D-CDDC33B7004F}.Ad-Hoc|Any CPU.ActiveCfg = Debug|Any CPU
		{8288ECDE-7A5E-46FC-BC1D-CDDC33B7004F}.Ad-Hoc|Any CPU.Build.0 = Debug|Any CPU
		{8288ECDE-7A5E-46FC-BC1D-CDDC33B7004F}.Ad-Hoc|Any CPU.Deploy.0 = Debug|Any CPU
		{8288ECDE-7A5E-46FC-BC1D-CDDC33B7004F}.Ad-Hoc|iPhone.ActiveCfg = Debug|Any CPU
		{8288ECDE-7A5E-46FC-BC1D-CDDC33B7004F}.Ad-Hoc|iPhone.Build.0 = Debug|Any CPU
		{8288ECDE-7A5E-46FC-BC1D-CDDC33B7004F}.Ad-Hoc|iPhone.Deploy.0 = Debug|Any CPU
		{8288ECDE-7A5E-46FC-BC1D-CDDC33B7004F}.Ad-Hoc|iPhoneSimulator.ActiveCfg = Debug|Any CPU
		{8288ECDE-7A5E-46FC-BC1D-CDDC33B7004F}.Ad-Hoc|iPhoneSimulator.Build.0 = Debug|Any CPU
		{8288ECDE-7A5E-46FC-BC1D-CDDC33B7004F}.Ad-Hoc|iPhoneSimulator.Deploy.0 = Debug|Any CPU
		{8288ECDE-7A5E-46FC-BC1D-CDDC33B7004F}.AppStore|Any CPU.ActiveCfg = Debug|Any CPU
		{8288ECDE-7A5E-46FC-BC1D-CDDC33B7004F}.AppStore|Any CPU.Build.0 = Debug|Any CPU
		{8288ECDE-7A5E-46FC-BC1D-CDDC33B7004F}.AppStore|Any CPU.Deploy.0 = Debug|Any CPU
		{8288ECDE-7A5E-46FC-BC1D-CDDC33B7004F}.AppStore|iPhone.ActiveCfg = Debug|Any CPU
		{8288ECDE-7A5E-46FC-BC1D-CDDC33B7004F}.AppStore|iPhone.Build.0 = Debug|Any CPU
		{8288ECDE-7A5E-46FC-BC1D-CDDC33B7004F}.AppStore|iPhone.Deploy.0 = Debug|Any CPU
		{8288ECDE-7A5E-46FC-BC1D-CDDC33B7004F}.AppStore|iPhoneSimulator.ActiveCfg = Debug|Any CPU
		{8288ECDE-7A5E-46FC-BC1D-CDDC33B7004F}.AppStore|iPhoneSimulator.Build.0 = Debug|Any CPU
		{8288ECDE-7A5E-46FC-BC1D-CDDC33B7004F}.AppStore|iPhoneSimulator.Deploy.0 = Debug|Any CPU
		{8288ECDE-7A5E-46FC-BC1D-CDDC33B7004F}.Debug|Any CPU.ActiveCfg = Debug|Any CPU
		{8288ECDE-7A5E-46FC-BC1D-CDDC33B7004F}.Debug|Any CPU.Build.0 = Debug|Any CPU
		{8288ECDE-7A5E-46FC-BC1D-CDDC33B7004F}.Debug|Any CPU.Deploy.0 = Debug|Any CPU
		{8288ECDE-7A5E-46FC-BC1D-CDDC33B7004F}.Debug|iPhone.ActiveCfg = Debug|Any CPU
		{8288ECDE-7A5E-46FC-BC1D-CDDC33B7004F}.Debug|iPhone.Build.0 = Debug|Any CPU
		{8288ECDE-7A5E-46FC-BC1D-CDDC33B7004F}.Debug|iPhone.Deploy.0 = Debug|Any CPU
		{8288ECDE-7A5E-46FC-BC1D-CDDC33B7004F}.Debug|iPhoneSimulator.ActiveCfg = Debug|Any CPU
		{8288ECDE-7A5E-46FC-BC1D-CDDC33B7004F}.Debug|iPhoneSimulator.Build.0 = Debug|Any CPU
		{8288ECDE-7A5E-46FC-BC1D-CDDC33B7004F}.Debug|iPhoneSimulator.Deploy.0 = Debug|Any CPU
		{8288ECDE-7A5E-46FC-BC1D-CDDC33B7004F}.Release|Any CPU.ActiveCfg = Release|Any CPU
		{8288ECDE-7A5E-46FC-BC1D-CDDC33B7004F}.Release|Any CPU.Build.0 = Release|Any CPU
		{8288ECDE-7A5E-46FC-BC1D-CDDC33B7004F}.Release|Any CPU.Deploy.0 = Release|Any CPU
		{8288ECDE-7A5E-46FC-BC1D-CDDC33B7004F}.Release|iPhone.ActiveCfg = Release|Any CPU
		{8288ECDE-7A5E-46FC-BC1D-CDDC33B7004F}.Release|iPhone.Build.0 = Release|Any CPU
		{8288ECDE-7A5E-46FC-BC1D-CDDC33B7004F}.Release|iPhone.Deploy.0 = Release|Any CPU
		{8288ECDE-7A5E-46FC-BC1D-CDDC33B7004F}.Release|iPhoneSimulator.ActiveCfg = Release|Any CPU
		{8288ECDE-7A5E-46FC-BC1D-CDDC33B7004F}.Release|iPhoneSimulator.Build.0 = Release|Any CPU
		{8288ECDE-7A5E-46FC-BC1D-CDDC33B7004F}.Release|iPhoneSimulator.Deploy.0 = Release|Any CPU
		{FFDAA7BA-91AD-4EA6-BB2C-D6079F8F127A}.Ad-Hoc|Any CPU.ActiveCfg = Ad-Hoc|iPhoneSimulator
		{FFDAA7BA-91AD-4EA6-BB2C-D6079F8F127A}.Ad-Hoc|iPhone.ActiveCfg = Ad-Hoc|iPhone
		{FFDAA7BA-91AD-4EA6-BB2C-D6079F8F127A}.Ad-Hoc|iPhone.Build.0 = Ad-Hoc|iPhone
		{FFDAA7BA-91AD-4EA6-BB2C-D6079F8F127A}.Ad-Hoc|iPhoneSimulator.ActiveCfg = Ad-Hoc|iPhoneSimulator
		{FFDAA7BA-91AD-4EA6-BB2C-D6079F8F127A}.Ad-Hoc|iPhoneSimulator.Build.0 = Ad-Hoc|iPhoneSimulator
		{FFDAA7BA-91AD-4EA6-BB2C-D6079F8F127A}.AppStore|Any CPU.ActiveCfg = AppStore|iPhoneSimulator
		{FFDAA7BA-91AD-4EA6-BB2C-D6079F8F127A}.AppStore|iPhone.ActiveCfg = AppStore|iPhone
		{FFDAA7BA-91AD-4EA6-BB2C-D6079F8F127A}.AppStore|iPhone.Build.0 = AppStore|iPhone
		{FFDAA7BA-91AD-4EA6-BB2C-D6079F8F127A}.AppStore|iPhoneSimulator.ActiveCfg = AppStore|iPhoneSimulator
		{FFDAA7BA-91AD-4EA6-BB2C-D6079F8F127A}.AppStore|iPhoneSimulator.Build.0 = AppStore|iPhoneSimulator
		{FFDAA7BA-91AD-4EA6-BB2C-D6079F8F127A}.Debug|Any CPU.ActiveCfg = Debug|iPhoneSimulator
		{FFDAA7BA-91AD-4EA6-BB2C-D6079F8F127A}.Debug|iPhone.ActiveCfg = Debug|iPhone
		{FFDAA7BA-91AD-4EA6-BB2C-D6079F8F127A}.Debug|iPhone.Build.0 = Debug|iPhone
		{FFDAA7BA-91AD-4EA6-BB2C-D6079F8F127A}.Debug|iPhoneSimulator.ActiveCfg = Debug|iPhoneSimulator
		{FFDAA7BA-91AD-4EA6-BB2C-D6079F8F127A}.Debug|iPhoneSimulator.Build.0 = Debug|iPhoneSimulator
		{FFDAA7BA-91AD-4EA6-BB2C-D6079F8F127A}.Release|Any CPU.ActiveCfg = Release|iPhoneSimulator
		{FFDAA7BA-91AD-4EA6-BB2C-D6079F8F127A}.Release|iPhone.ActiveCfg = Release|iPhone
		{FFDAA7BA-91AD-4EA6-BB2C-D6079F8F127A}.Release|iPhone.Build.0 = Release|iPhone
		{FFDAA7BA-91AD-4EA6-BB2C-D6079F8F127A}.Release|iPhoneSimulator.ActiveCfg = Release|iPhoneSimulator
		{FFDAA7BA-91AD-4EA6-BB2C-D6079F8F127A}.Release|iPhoneSimulator.Build.0 = Release|iPhoneSimulator
	EndGlobalSection
	GlobalSection(SolutionProperties) = preSolution
		HideSolutionNode = FALSE
	EndGlobalSection
	GlobalSection(ExtensibilityGlobals) = postSolution
		SolutionGuid = {1BE5BCF0-E3FB-4BD5-9739-C2408047C3A0}
	EndGlobalSection
EndGlobal
